
Microsoft Visual Studio Solution File, Format Version 12.00
# Visual Studio Version 17
VisualStudioVersion = 17.5.33530.505
MinimumVisualStudioVersion = 10.0.40219.1
Project("{9A19103F-16F7-4668-BE54-9A1E7A4F7556}") = "VQE", "VQE\VQE.csproj", "{34BD611C-D991-481C-B31B-4B0700835529}"
EndProject
Project("{9A19103F-16F7-4668-BE54-9A1E7A4F7556}") = "oracle-generator", "oracle-generator\oracle-generator.csproj", "{73329BD7-5006-46EF-B9A0-7CDE9316F2DD}"
EndProject
Project("{9A19103F-16F7-4668-BE54-9A1E7A4F7556}") = "simplified-oracle-generator", "simplified-oracle-generator\simplified-oracle-generator.csproj", "{6E51DA7D-1FF6-4A6E-80EA-502A752CDA29}"
EndProject
Project("{9A19103F-16F7-4668-BE54-9A1E7A4F7556}") = "bit-flip-code", "bit-flip-code\bit-flip-code.csproj", "{FD488FA5-0549-4DB7-A39D-3708141D9D1F}"
EndProject
Project("{9A19103F-16F7-4668-BE54-9A1E7A4F7556}") = "hydrogen-sim", "hydrogen-sim\hydrogen-sim.csproj", "{FC8A7F51-05DF-4410-AF00-C1037A4245B7}"
EndProject
Project("{9A19103F-16F7-4668-BE54-9A1E7A4F7556}") = "parallel-half-moons", "parallel-half-moons\parallel-half-moons.csproj", "{10684ED0-AFF3-44AC-9474-775E68EDBAB7}"
EndProject
Project("{9A19103F-16F7-4668-BE54-9A1E7A4F7556}") = "repeat-until", "repeat-until\repeat-until.csproj", "{97F38BD6-89E4-428C-83E8-7B56125CAF7E}"
EndProject
Project("{9A19103F-16F7-4668-BE54-9A1E7A4F7556}") = "QAOA", "qaoa\QAOA.csproj", "{F02EFB3C-7549-4622-8A2E-D77697FA23DB}"
EndProject
Project("{9A19103F-16F7-4668-BE54-9A1E7A4F7556}") = "minified-oracle-generator", "minified-oracle-generator\minified-oracle-generator.csproj", "{F292619B-E87E-481B-AB21-FFEC0BA51DCC}"
EndProject
Global
	GlobalSection(SolutionConfigurationPlatforms) = preSolution
		Debug|Any CPU = Debug|Any CPU
		Release|Any CPU = Release|Any CPU
	EndGlobalSection
	GlobalSection(ProjectConfigurationPlatforms) = postSolution
		{34BD611C-D991-481C-B31B-4B0700835529}.Debug|Any CPU.ActiveCfg = Debug|Any CPU
		{34BD611C-D991-481C-B31B-4B0700835529}.Debug|Any CPU.Build.0 = Debug|Any CPU
		{34BD611C-D991-481C-B31B-4B0700835529}.Release|Any CPU.ActiveCfg = Release|Any CPU
		{34BD611C-D991-481C-B31B-4B0700835529}.Release|Any CPU.Build.0 = Release|Any CPU
		{73329BD7-5006-46EF-B9A0-7CDE9316F2DD}.Debug|Any CPU.ActiveCfg = Debug|Any CPU
		{73329BD7-5006-46EF-B9A0-7CDE9316F2DD}.Debug|Any CPU.Build.0 = Debug|Any CPU
		{73329BD7-5006-46EF-B9A0-7CDE9316F2DD}.Release|Any CPU.ActiveCfg = Release|Any CPU
		{73329BD7-5006-46EF-B9A0-7CDE9316F2DD}.Release|Any CPU.Build.0 = Release|Any CPU
		{6E51DA7D-1FF6-4A6E-80EA-502A752CDA29}.Debug|Any CPU.ActiveCfg = Debug|Any CPU
		{6E51DA7D-1FF6-4A6E-80EA-502A752CDA29}.Debug|Any CPU.Build.0 = Debug|Any CPU
		{6E51DA7D-1FF6-4A6E-80EA-502A752CDA29}.Release|Any CPU.ActiveCfg = Release|Any CPU
		{6E51DA7D-1FF6-4A6E-80EA-502A752CDA29}.Release|Any CPU.Build.0 = Release|Any CPU
		{FD488FA5-0549-4DB7-A39D-3708141D9D1F}.Debug|Any CPU.ActiveCfg = Debug|Any CPU
		{FD488FA5-0549-4DB7-A39D-3708141D9D1F}.Debug|Any CPU.Build.0 = Debug|Any CPU
		{FD488FA5-0549-4DB7-A39D-3708141D9D1F}.Release|Any CPU.ActiveCfg = Release|Any CPU
		{FD488FA5-0549-4DB7-A39D-3708141D9D1F}.Release|Any CPU.Build.0 = Release|Any CPU
		{FC8A7F51-05DF-4410-AF00-C1037A4245B7}.Debug|Any CPU.ActiveCfg = Debug|Any CPU
		{FC8A7F51-05DF-4410-AF00-C1037A4245B7}.Debug|Any CPU.Build.0 = Debug|Any CPU
		{FC8A7F51-05DF-4410-AF00-C1037A4245B7}.Release|Any CPU.ActiveCfg = Release|Any CPU
		{FC8A7F51-05DF-4410-AF00-C1037A4245B7}.Release|Any CPU.Build.0 = Release|Any CPU
		{10684ED0-AFF3-44AC-9474-775E68EDBAB7}.Debug|Any CPU.ActiveCfg = Debug|Any CPU
		{10684ED0-AFF3-44AC-9474-775E68EDBAB7}.Debug|Any CPU.Build.0 = Debug|Any CPU
		{10684ED0-AFF3-44AC-9474-775E68EDBAB7}.Release|Any CPU.ActiveCfg = Release|Any CPU
		{10684ED0-AFF3-44AC-9474-775E68EDBAB7}.Release|Any CPU.Build.0 = Release|Any CPU
		{97F38BD6-89E4-428C-83E8-7B56125CAF7E}.Debug|Any CPU.ActiveCfg = Debug|Any CPU
		{97F38BD6-89E4-428C-83E8-7B56125CAF7E}.Debug|Any CPU.Build.0 = Debug|Any CPU
		{97F38BD6-89E4-428C-83E8-7B56125CAF7E}.Release|Any CPU.ActiveCfg = Release|Any CPU
		{97F38BD6-89E4-428C-83E8-7B56125CAF7E}.Release|Any CPU.Build.0 = Release|Any CPU
		{F02EFB3C-7549-4622-8A2E-D77697FA23DB}.Debug|Any CPU.ActiveCfg = Debug|Any CPU
		{F02EFB3C-7549-4622-8A2E-D77697FA23DB}.Debug|Any CPU.Build.0 = Debug|Any CPU
		{F02EFB3C-7549-4622-8A2E-D77697FA23DB}.Release|Any CPU.ActiveCfg = Release|Any CPU
		{F02EFB3C-7549-4622-8A2E-D77697FA23DB}.Release|Any CPU.Build.0 = Release|Any CPU
		{F292619B-E87E-481B-AB21-FFEC0BA51DCC}.Debug|Any CPU.ActiveCfg = Debug|Any CPU
		{F292619B-E87E-481B-AB21-FFEC0BA51DCC}.Debug|Any CPU.Build.0 = Debug|Any CPU
		{F292619B-E87E-481B-AB21-FFEC0BA51DCC}.Release|Any CPU.ActiveCfg = Release|Any CPU
		{F292619B-E87E-481B-AB21-FFEC0BA51DCC}.Release|Any CPU.Build.0 = Release|Any CPU
	EndGlobalSection
	GlobalSection(SolutionProperties) = preSolution
		HideSolutionNode = FALSE
	EndGlobalSection
	GlobalSection(ExtensibilityGlobals) = postSolution
		SolutionGuid = {158BD026-189E-4A08-9A56-CEAA357DCDFB}
	EndGlobalSection
EndGlobal
